// !$*UTF8*$!
{
	archiveVersion = 1;
	classes = {
	};
	objectVersion = 56;
	objects = {

/* Begin PBXBuildFile section */
		8F08AEC42991E7B000CC8688 /* main.cpp in Sources */ = {isa = PBXBuildFile; fileRef = 8F08AEC32991E7B000CC8688 /* main.cpp */; };
		8F08AED12991EFFC00CC8688 /* Enums.cpp in Sources */ = {isa = PBXBuildFile; fileRef = 8F08AECF2991EFFC00CC8688 /* Enums.cpp */; };
		8F08AED42991F2B700CC8688 /* Person.cpp in Sources */ = {isa = PBXBuildFile; fileRef = 8F08AED22991F2B700CC8688 /* Person.cpp */; };
		8F08AED72991F44B00CC8688 /* Address.cpp in Sources */ = {isa = PBXBuildFile; fileRef = 8F08AED52991F44B00CC8688 /* Address.cpp */; };
		8F08AEDA2991F4E800CC8688 /* ParkingSpot.cpp in Sources */ = {isa = PBXBuildFile; fileRef = 8F08AED82991F4E800CC8688 /* ParkingSpot.cpp */; };
/* End PBXBuildFile section */

/* Begin PBXCopyFilesBuildPhase section */
		8F08AEBE2991E7B000CC8688 /* CopyFiles */ = {
			isa = PBXCopyFilesBuildPhase;
			buildActionMask = 2147483647;
			dstPath = /usr/share/man/man1/;
			dstSubfolderSpec = 0;
			files = (
			);
			runOnlyForDeploymentPostprocessing = 1;
		};
/* End PBXCopyFilesBuildPhase section */

/* Begin PBXFileReference section */
		8F08AEC02991E7B000CC8688 /* Parking Lot Design */ = {isa = PBXFileReference; explicitFileType = "compiled.mach-o.executable"; includeInIndex = 0; path = "Parking Lot Design"; sourceTree = BUILT_PRODUCTS_DIR; };
		8F08AEC32991E7B000CC8688 /* main.cpp */ = {isa = PBXFileReference; lastKnownFileType = sourcecode.cpp.cpp; path = main.cpp; sourceTree = "<group>"; };
		8F08AECF2991EFFC00CC8688 /* Enums.cpp */ = {isa = PBXFileReference; lastKnownFileType = sourcecode.cpp.cpp; path = Enums.cpp; sourceTree = "<group>"; };
		8F08AED02991EFFC00CC8688 /* Enums.hpp */ = {isa = PBXFileReference; lastKnownFileType = sourcecode.cpp.h; path = Enums.hpp; sourceTree = "<group>"; };
		8F08AED22991F2B700CC8688 /* Person.cpp */ = {isa = PBXFileReference; lastKnownFileType = sourcecode.cpp.cpp; path = Person.cpp; sourceTree = "<group>"; };
		8F08AED32991F2B700CC8688 /* Person.hpp */ = {isa = PBXFileReference; lastKnownFileType = sourcecode.cpp.h; path = Person.hpp; sourceTree = "<group>"; };
		8F08AED52991F44B00CC8688 /* Address.cpp */ = {isa = PBXFileReference; lastKnownFileType = sourcecode.cpp.cpp; path = Address.cpp; sourceTree = "<group>"; };
		8F08AED62991F44B00CC8688 /* Address.hpp */ = {isa = PBXFileReference; lastKnownFileType = sourcecode.cpp.h; path = Address.hpp; sourceTree = "<group>"; };
		8F08AED82991F4E800CC8688 /* ParkingSpot.cpp */ = {isa = PBXFileReference; lastKnownFileType = sourcecode.cpp.cpp; path = ParkingSpot.cpp; sourceTree = "<group>"; };
		8F08AED92991F4E800CC8688 /* ParkingSpot.hpp */ = {isa = PBXFileReference; lastKnownFileType = sourcecode.cpp.h; path = ParkingSpot.hpp; sourceTree = "<group>"; };
		8F08AEDB2991F66100CC8688 /* Vehicle.h */ = {isa = PBXFileReference; lastKnownFileType = sourcecode.c.h; path = Vehicle.h; sourceTree = "<group>"; };
		8F08AEDC2991F79300CC8688 /* Account.h */ = {isa = PBXFileReference; lastKnownFileType = sourcecode.c.h; path = Account.h; sourceTree = "<group>"; };
/* End PBXFileReference section */

/* Begin PBXFrameworksBuildPhase section */
		8F08AEBD2991E7B000CC8688 /* Frameworks */ = {
			isa = PBXFrameworksBuildPhase;
			buildActionMask = 2147483647;
			files = (
			);
			runOnlyForDeploymentPostprocessing = 0;
		};
/* End PBXFrameworksBuildPhase section */

/* Begin PBXGroup section */
		8F08AEB72991E7B000CC8688 = {
			isa = PBXGroup;
			children = (
				8F08AEC22991E7B000CC8688 /* Parking Lot Design */,
				8F08AEC12991E7B000CC8688 /* Products */,
			);
			sourceTree = "<group>";
		};
		8F08AEC12991E7B000CC8688 /* Products */ = {
			isa = PBXGroup;
			children = (
				8F08AEC02991E7B000CC8688 /* Parking Lot Design */,
			);
			name = Products;
			sourceTree = "<group>";
		};
		8F08AEC22991E7B000CC8688 /* Parking Lot Design */ = {
			isa = PBXGroup;
			children = (
				8F08AEC32991E7B000CC8688 /* main.cpp */,
				8F08AECF2991EFFC00CC8688 /* Enums.cpp */,
				8F08AED02991EFFC00CC8688 /* Enums.hpp */,
				8F08AED22991F2B700CC8688 /* Person.cpp */,
				8F08AED32991F2B700CC8688 /* Person.hpp */,
				8F08AED52991F44B00CC8688 /* Address.cpp */,
				8F08AED62991F44B00CC8688 /* Address.hpp */,
				8F08AED82991F4E800CC8688 /* ParkingSpot.cpp */,
				8F08AED92991F4E800CC8688 /* ParkingSpot.hpp */,
				8F08AEDB2991F66100CC8688 /* Vehicle.h */,
				8F08AEDC2991F79300CC8688 /* Account.h */,
			);
			path = "Parking Lot Design";
			sourceTree = "<group>";
		};
/* End PBXGroup section */

/* Begin PBXNativeTarget section */
		8F08AEBF2991E7B000CC8688 /* Parking Lot Design */ = {
			isa = PBXNativeTarget;
			buildConfigurationList = 8F08AEC72991E7B000CC8688 /* Build configuration list for PBXNativeTarget "Parking Lot Design" */;
			buildPhases = (
				8F08AEBC2991E7B000CC8688 /* Sources */,
				8F08AEBD2991E7B000CC8688 /* Frameworks */,
				8F08AEBE2991E7B000CC8688 /* CopyFiles */,
			);
			buildRules = (
			);
			dependencies = (
			);
			name = "Parking Lot Design";
			productName = "Parking Lot Design";
			productReference = 8F08AEC02991E7B000CC8688 /* Parking Lot Design */;
			productType = "com.apple.product-type.tool";
		};
/* End PBXNativeTarget section */

/* Begin PBXProject section */
		8F08AEB82991E7B000CC8688 /* Project object */ = {
			isa = PBXProject;
			attributes = {
				BuildIndependentTargetsInParallel = 1;
				LastUpgradeCheck = 1420;
				TargetAttributes = {
					8F08AEBF2991E7B000CC8688 = {
						CreatedOnToolsVersion = 14.2;
					};
				};
			};
			buildConfigurationList = 8F08AEBB2991E7B000CC8688 /* Build configuration list for PBXProject "Parking Lot Design" */;
			compatibilityVersion = "Xcode 14.0";
			developmentRegion = en;
			hasScannedForEncodings = 0;
			knownRegions = (
				en,
				Base,
			);
			mainGroup = 8F08AEB72991E7B000CC8688;
			productRefGroup = 8F08AEC12991E7B000CC8688 /* Products */;
			projectDirPath = "";
			projectRoot = "";
			targets = (
				8F08AEBF2991E7B000CC8688 /* Parking Lot Design */,
			);
		};
/* End PBXProject section */

/* Begin PBXSourcesBuildPhase section */
		8F08AEBC2991E7B000CC8688 /* Sources */ = {
			isa = PBXSourcesBuildPhase;
			buildActionMask = 2147483647;
			files = (
				8F08AEDA2991F4E800CC8688 /* ParkingSpot.cpp in Sources */,
				8F08AED12991EFFC00CC8688 /* Enums.cpp in Sources */,
				8F08AED42991F2B700CC8688 /* Person.cpp in Sources */,
				8F08AED72991F44B00CC8688 /* Address.cpp in Sources */,
				8F08AEC42991E7B000CC8688 /* main.cpp in Sources */,
			);
			runOnlyForDeploymentPostprocessing = 0;
		};
/* End PBXSourcesBuildPhase section */

/* Begin XCBuildConfiguration section */
		8F08AEC52991E7B000CC8688 /* Debug */ = {
			isa = XCBuildConfiguration;
			buildSettings = {
				ALWAYS_SEARCH_USER_PATHS = NO;
				CLANG_ANALYZER_NONNULL = YES;
				CLANG_ANALYZER_NUMBER_OBJECT_CONVERSION = YES_AGGRESSIVE;
				CLANG_CXX_LANGUAGE_STANDARD = "gnu++20";
				CLANG_ENABLE_MODULES = YES;
				CLANG_ENABLE_OBJC_ARC = YES;
				CLANG_ENABLE_OBJC_WEAK = YES;
				CLANG_WARN_BLOCK_CAPTURE_AUTORELEASING = YES;
				CLANG_WARN_BOOL_CONVERSION = YES;
				CLANG_WARN_COMMA = YES;
				CLANG_WARN_CONSTANT_CONVERSION = YES;
				CLANG_WARN_DEPRECATED_OBJC_IMPLEMENTATIONS = YES;
				CLANG_WARN_DIRECT_OBJC_ISA_USAGE = YES_ERROR;
				CLANG_WARN_DOCUMENTATION_COMMENTS = YES;
				CLANG_WARN_EMPTY_BODY = YES;
				CLANG_WARN_ENUM_CONVERSION = YES;
				CLANG_WARN_INFINITE_RECURSION = YES;
				CLANG_WARN_INT_CONVERSION = YES;
				CLANG_WARN_NON_LITERAL_NULL_CONVERSION = YES;
				CLANG_WARN_OBJC_IMPLICIT_RETAIN_SELF = YES;
				CLANG_WARN_OBJC_LITERAL_CONVERSION = YES;
				CLANG_WARN_OBJC_ROOT_CLASS = YES_ERROR;
				CLANG_WARN_QUOTED_INCLUDE_IN_FRAMEWORK_HEADER = YES;
				CLANG_WARN_RANGE_LOOP_ANALYSIS = YES;
				CLANG_WARN_STRICT_PROTOTYPES = YES;
				CLANG_WARN_SUSPICIOUS_MOVE = YES;
				CLANG_WARN_UNGUARDED_AVAILABILITY = YES_AGGRESSIVE;
				CLANG_WARN_UNREACHABLE_CODE = YES;
				CLANG_WARN__DUPLICATE_METHOD_MATCH = YES;
				COPY_PHASE_STRIP = NO;
				DEBUG_INFORMATION_FORMAT = dwarf;
				ENABLE_STRICT_OBJC_MSGSEND = YES;
				ENABLE_TESTABILITY = YES;
				GCC_C_LANGUAGE_STANDARD = gnu11;
				GCC_DYNAMIC_NO_PIC = NO;
				GCC_NO_COMMON_BLOCKS = YES;
				GCC_OPTIMIZATION_LEVEL = 0;
				GCC_PREPROCESSOR_DEFINITIONS = (
					"DEBUG=1",
					"$(inherited)",
				);
				GCC_WARN_64_TO_32_BIT_CONVERSION = YES;
				GCC_WARN_ABOUT_RETURN_TYPE = YES_ERROR;
				GCC_WARN_UNDECLARED_SELECTOR = YES;
				GCC_WARN_UNINITIALIZED_AUTOS = YES_AGGRESSIVE;
				GCC_WARN_UNUSED_FUNCTION = YES;
				GCC_WARN_UNUSED_VARIABLE = YES;
				MACOSX_DEPLOYMENT_TARGET = 13.1;
				MTL_ENABLE_DEBUG_INFO = INCLUDE_SOURCE;
				MTL_FAST_MATH = YES;
				ONLY_ACTIVE_ARCH = YES;
				SDKROOT = macosx;
			};
			name = Debug;
		};
		8F08AEC62991E7B000CC8688 /* Release */ = {
			isa = XCBuildConfiguration;
			buildSettings = {
				ALWAYS_SEARCH_USER_PATHS = NO;
				CLANG_ANALYZER_NONNULL = YES;
				CLANG_ANALYZER_NUMBER_OBJECT_CONVERSION = YES_AGGRESSIVE;
				CLANG_CXX_LANGUAGE_STANDARD = "gnu++20";
				CLANG_ENABLE_MODULES = YES;
				CLANG_ENABLE_OBJC_ARC = YES;
				CLANG_ENABLE_OBJC_WEAK = YES;
				CLANG_WARN_BLOCK_CAPTURE_AUTORELEASING = YES;
				CLANG_WARN_BOOL_CONVERSION = YES;
				CLANG_WARN_COMMA = YES;
				CLANG_WARN_CONSTANT_CONVERSION = YES;
				CLANG_WARN_DEPRECATED_OBJC_IMPLEMENTATIONS = YES;
				CLANG_WARN_DIRECT_OBJC_ISA_USAGE = YES_ERROR;
				CLANG_WARN_DOCUMENTATION_COMMENTS = YES;
				CLANG_WARN_EMPTY_BODY = YES;
				CLANG_WARN_ENUM_CONVERSION = YES;
				CLANG_WARN_INFINITE_RECURSION = YES;
				CLANG_WARN_INT_CONVERSION = YES;
				CLANG_WARN_NON_LITERAL_NULL_CONVERSION = YES;
				CLANG_WARN_OBJC_IMPLICIT_RETAIN_SELF = YES;
				CLANG_WARN_OBJC_LITERAL_CONVERSION = YES;
				CLANG_WARN_OBJC_ROOT_CLASS = YES_ERROR;
				CLANG_WARN_QUOTED_INCLUDE_IN_FRAMEWORK_HEADER = YES;
				CLANG_WARN_RANGE_LOOP_ANALYSIS = YES;
				CLANG_WARN_STRICT_PROTOTYPES = YES;
				CLANG_WARN_SUSPICIOUS_MOVE = YES;
				CLANG_WARN_UNGUARDED_AVAILABILITY = YES_AGGRESSIVE;
				CLANG_WARN_UNREACHABLE_CODE = YES;
				CLANG_WARN__DUPLICATE_METHOD_MATCH = YES;
				COPY_PHASE_STRIP = NO;
				DEBUG_INFORMATION_FORMAT = "dwarf-with-dsym";
				ENABLE_NS_ASSERTIONS = NO;
				ENABLE_STRICT_OBJC_MSGSEND = YES;
				GCC_C_LANGUAGE_STANDARD = gnu11;
				GCC_NO_COMMON_BLOCKS = YES;
				GCC_WARN_64_TO_32_BIT_CONVERSION = YES;
				GCC_WARN_ABOUT_RETURN_TYPE = YES_ERROR;
				GCC_WARN_UNDECLARED_SELECTOR = YES;
				GCC_WARN_UNINITIALIZED_AUTOS = YES_AGGRESSIVE;
				GCC_WARN_UNUSED_FUNCTION = YES;
				GCC_WARN_UNUSED_VARIABLE = YES;
				MACOSX_DEPLOYMENT_TARGET = 13.1;
				MTL_ENABLE_DEBUG_INFO = NO;
				MTL_FAST_MATH = YES;
				SDKROOT = macosx;
			};
			name = Release;
		};
		8F08AEC82991E7B000CC8688 /* Debug */ = {
			isa = XCBuildConfiguration;
			buildSettings = {
				CODE_SIGN_STYLE = Automatic;
				PRODUCT_NAME = "$(TARGET_NAME)";
			};
			name = Debug;
		};
		8F08AEC92991E7B000CC8688 /* Release */ = {
			isa = XCBuildConfiguration;
			buildSettings = {
				CODE_SIGN_STYLE = Automatic;
				PRODUCT_NAME = "$(TARGET_NAME)";
			};
			name = Release;
		};
/* End XCBuildConfiguration section */

/* Begin XCConfigurationList section */
		8F08AEBB2991E7B000CC8688 /* Build configuration list for PBXProject "Parking Lot Design" */ = {
			isa = XCConfigurationList;
			buildConfigurations = (
				8F08AEC52991E7B000CC8688 /* Debug */,
				8F08AEC62991E7B000CC8688 /* Release */,
			);
			defaultConfigurationIsVisible = 0;
			defaultConfigurationName = Release;
		};
		8F08AEC72991E7B000CC8688 /* Build configuration list for PBXNativeTarget "Parking Lot Design" */ = {
			isa = XCConfigurationList;
			buildConfigurations = (
				8F08AEC82991E7B000CC8688 /* Debug */,
				8F08AEC92991E7B000CC8688 /* Release */,
			);
			defaultConfigurationIsVisible = 0;
			defaultConfigurationName = Release;
		};
/* End XCConfigurationList section */
	};
	rootObject = 8F08AEB82991E7B000CC8688 /* Project object */;
}
